// !$*UTF8*$!
{
	archiveVersion = 1;
	classes = {
	};
	objectVersion = 46;
	objects = {

/* Begin PBXBuildFile section */
		099AB677CF0EBBD3BF3D46AF /* libPods-EWon.a in Frameworks */ = {isa = PBXBuildFile; fileRef = 3C26F7D33B1DCDE05671AA99 /* libPods-EWon.a */; };
		F103359D1C0F5F7C0034AB5F /* WebViewViewController.m in Sources */ = {isa = PBXBuildFile; fileRef = F103359C1C0F5F7C0034AB5F /* WebViewViewController.m */; };
		F1975BFC1C6924D800FA19BD /* MessageUI.framework in Frameworks */ = {isa = PBXBuildFile; fileRef = F1975BFB1C6924D800FA19BD /* MessageUI.framework */; };
		F1A952901C0211100009323E /* AccountInfoViewController.m in Sources */ = {isa = PBXBuildFile; fileRef = F1A9528F1C0211100009323E /* AccountInfoViewController.m */; };
		F1A952931C0218DD0009323E /* EwonListViewController.m in Sources */ = {isa = PBXBuildFile; fileRef = F1A952921C0218DD0009323E /* EwonListViewController.m */; };
		F1A952961C0219570009323E /* EwonViewController.m in Sources */ = {isa = PBXBuildFile; fileRef = F1A952951C0219570009323E /* EwonViewController.m */; };
		F1A952991C021CA80009323E /* EwonTableViewCell.m in Sources */ = {isa = PBXBuildFile; fileRef = F1A952981C021CA80009323E /* EwonTableViewCell.m */; };
		F1BD50621C6913590032B497 /* ContactViewController.m in Sources */ = {isa = PBXBuildFile; fileRef = F1BD50611C6913590032B497 /* ContactViewController.m */; };
		F1EB81A11C004A2600BB39ED /* main.m in Sources */ = {isa = PBXBuildFile; fileRef = F1EB81A01C004A2600BB39ED /* main.m */; };
		F1EB81A41C004A2600BB39ED /* AppDelegate.m in Sources */ = {isa = PBXBuildFile; fileRef = F1EB81A31C004A2600BB39ED /* AppDelegate.m */; };
		F1EB81A71C004A2600BB39ED /* ViewController.m in Sources */ = {isa = PBXBuildFile; fileRef = F1EB81A61C004A2600BB39ED /* ViewController.m */; };
		F1EB81AA1C004A2600BB39ED /* Main.storyboard in Resources */ = {isa = PBXBuildFile; fileRef = F1EB81A81C004A2600BB39ED /* Main.storyboard */; };
		F1EB81AC1C004A2600BB39ED /* Assets.xcassets in Resources */ = {isa = PBXBuildFile; fileRef = F1EB81AB1C004A2600BB39ED /* Assets.xcassets */; };
		F1EB81AF1C004A2600BB39ED /* LaunchScreen.storyboard in Resources */ = {isa = PBXBuildFile; fileRef = F1EB81AD1C004A2600BB39ED /* LaunchScreen.storyboard */; };
		F1EB81BA1C004A2600BB39ED /* EWonTests.m in Sources */ = {isa = PBXBuildFile; fileRef = F1EB81B91C004A2600BB39ED /* EWonTests.m */; };
		F1EB81C51C004A2600BB39ED /* EWonUITests.m in Sources */ = {isa = PBXBuildFile; fileRef = F1EB81C41C004A2600BB39ED /* EWonUITests.m */; };
		F1EB81D41C004C7E00BB39ED /* WebServiceManager.m in Sources */ = {isa = PBXBuildFile; fileRef = F1EB81D31C004C7E00BB39ED /* WebServiceManager.m */; };
/* End PBXBuildFile section */

/* Begin PBXContainerItemProxy section */
		F1EB81B61C004A2600BB39ED /* PBXContainerItemProxy */ = {
			isa = PBXContainerItemProxy;
			containerPortal = F1EB81941C004A2500BB39ED /* Project object */;
			proxyType = 1;
			remoteGlobalIDString = F1EB819B1C004A2500BB39ED;
			remoteInfo = EWon;
		};
		F1EB81C11C004A2600BB39ED /* PBXContainerItemProxy */ = {
			isa = PBXContainerItemProxy;
			containerPortal = F1EB81941C004A2500BB39ED /* Project object */;
			proxyType = 1;
			remoteGlobalIDString = F1EB819B1C004A2500BB39ED;
			remoteInfo = EWon;
		};
/* End PBXContainerItemProxy section */

/* Begin PBXFileReference section */
		240E375750972E2BD06F429C /* Pods-EWon.debug.xcconfig */ = {isa = PBXFileReference; includeInIndex = 1; lastKnownFileType = text.xcconfig; name = "Pods-EWon.debug.xcconfig"; path = "Pods/Target Support Files/Pods-EWon/Pods-EWon.debug.xcconfig"; sourceTree = "<group>"; };
		3C26F7D33B1DCDE05671AA99 /* libPods-EWon.a */ = {isa = PBXFileReference; explicitFileType = archive.ar; includeInIndex = 0; path = "libPods-EWon.a"; sourceTree = BUILT_PRODUCTS_DIR; };
		B4E076F4218BB496E834695B /* Pods-EWon.release.xcconfig */ = {isa = PBXFileReference; includeInIndex = 1; lastKnownFileType = text.xcconfig; name = "Pods-EWon.release.xcconfig"; path = "Pods/Target Support Files/Pods-EWon/Pods-EWon.release.xcconfig"; sourceTree = "<group>"; };
		F103359B1C0F5F7C0034AB5F /* WebViewViewController.h */ = {isa = PBXFileReference; fileEncoding = 4; lastKnownFileType = sourcecode.c.h; path = WebViewViewController.h; sourceTree = "<group>"; };
		F103359C1C0F5F7C0034AB5F /* WebViewViewController.m */ = {isa = PBXFileReference; fileEncoding = 4; lastKnownFileType = sourcecode.c.objc; path = WebViewViewController.m; sourceTree = "<group>"; };
		F1975BFB1C6924D800FA19BD /* MessageUI.framework */ = {isa = PBXFileReference; lastKnownFileType = wrapper.framework; name = MessageUI.framework; path = System/Library/Frameworks/MessageUI.framework; sourceTree = SDKROOT; };
		F1A9528E1C0211100009323E /* AccountInfoViewController.h */ = {isa = PBXFileReference; fileEncoding = 4; lastKnownFileType = sourcecode.c.h; path = AccountInfoViewController.h; sourceTree = "<group>"; };
		F1A9528F1C0211100009323E /* AccountInfoViewController.m */ = {isa = PBXFileReference; fileEncoding = 4; lastKnownFileType = sourcecode.c.objc; path = AccountInfoViewController.m; sourceTree = "<group>"; };
		F1A952911C0218DD0009323E /* EwonListViewController.h */ = {isa = PBXFileReference; fileEncoding = 4; lastKnownFileType = sourcecode.c.h; path = EwonListViewController.h; sourceTree = "<group>"; };
		F1A952921C0218DD0009323E /* EwonListViewController.m */ = {isa = PBXFileReference; fileEncoding = 4; lastKnownFileType = sourcecode.c.objc; path = EwonListViewController.m; sourceTree = "<group>"; };
		F1A952941C0219570009323E /* EwonViewController.h */ = {isa = PBXFileReference; fileEncoding = 4; lastKnownFileType = sourcecode.c.h; path = EwonViewController.h; sourceTree = "<group>"; };
		F1A952951C0219570009323E /* EwonViewController.m */ = {isa = PBXFileReference; fileEncoding = 4; lastKnownFileType = sourcecode.c.objc; path = EwonViewController.m; sourceTree = "<group>"; };
		F1A952971C021CA80009323E /* EwonTableViewCell.h */ = {isa = PBXFileReference; fileEncoding = 4; lastKnownFileType = sourcecode.c.h; path = EwonTableViewCell.h; sourceTree = "<group>"; };
		F1A952981C021CA80009323E /* EwonTableViewCell.m */ = {isa = PBXFileReference; fileEncoding = 4; lastKnownFileType = sourcecode.c.objc; path = EwonTableViewCell.m; sourceTree = "<group>"; };
		F1BD50601C6913590032B497 /* ContactViewController.h */ = {isa = PBXFileReference; fileEncoding = 4; lastKnownFileType = sourcecode.c.h; path = ContactViewController.h; sourceTree = "<group>"; };
		F1BD50611C6913590032B497 /* ContactViewController.m */ = {isa = PBXFileReference; fileEncoding = 4; lastKnownFileType = sourcecode.c.objc; path = ContactViewController.m; sourceTree = "<group>"; };
		F1EB819C1C004A2600BB39ED /* TAIB remote.temp_caseinsensitive_rename.app */ = {isa = PBXFileReference; explicitFileType = wrapper.application; includeInIndex = 0; path = "TAIB remote.temp_caseinsensitive_rename.app"; sourceTree = BUILT_PRODUCTS_DIR; };
		F1EB81A01C004A2600BB39ED /* main.m */ = {isa = PBXFileReference; lastKnownFileType = sourcecode.c.objc; path = main.m; sourceTree = "<group>"; };
		F1EB81A21C004A2600BB39ED /* AppDelegate.h */ = {isa = PBXFileReference; lastKnownFileType = sourcecode.c.h; path = AppDelegate.h; sourceTree = "<group>"; };
		F1EB81A31C004A2600BB39ED /* AppDelegate.m */ = {isa = PBXFileReference; lastKnownFileType = sourcecode.c.objc; path = AppDelegate.m; sourceTree = "<group>"; };
		F1EB81A51C004A2600BB39ED /* ViewController.h */ = {isa = PBXFileReference; lastKnownFileType = sourcecode.c.h; path = ViewController.h; sourceTree = "<group>"; };
		F1EB81A61C004A2600BB39ED /* ViewController.m */ = {isa = PBXFileReference; lastKnownFileType = sourcecode.c.objc; path = ViewController.m; sourceTree = "<group>"; };
		F1EB81A91C004A2600BB39ED /* Base */ = {isa = PBXFileReference; lastKnownFileType = file.storyboard; name = Base; path = Base.lproj/Main.storyboard; sourceTree = "<group>"; };
		F1EB81AB1C004A2600BB39ED /* Assets.xcassets */ = {isa = PBXFileReference; lastKnownFileType = folder.assetcatalog; path = Assets.xcassets; sourceTree = "<group>"; };
		F1EB81AE1C004A2600BB39ED /* Base */ = {isa = PBXFileReference; lastKnownFileType = file.storyboard; name = Base; path = Base.lproj/LaunchScreen.storyboard; sourceTree = "<group>"; };
		F1EB81B01C004A2600BB39ED /* Info.plist */ = {isa = PBXFileReference; lastKnownFileType = text.plist.xml; path = Info.plist; sourceTree = "<group>"; };
		F1EB81B51C004A2600BB39ED /* TAIB remote.temp_caseinsensitive_rename.xctest */ = {isa = PBXFileReference; explicitFileType = wrapper.cfbundle; includeInIndex = 0; path = "TAIB remote.temp_caseinsensitive_rename.xctest"; sourceTree = BUILT_PRODUCTS_DIR; };
		F1EB81B91C004A2600BB39ED /* EWonTests.m */ = {isa = PBXFileReference; lastKnownFileType = sourcecode.c.objc; path = EWonTests.m; sourceTree = "<group>"; };
		F1EB81BB1C004A2600BB39ED /* Info.plist */ = {isa = PBXFileReference; lastKnownFileType = text.plist.xml; path = Info.plist; sourceTree = "<group>"; };
		F1EB81C01C004A2600BB39ED /* TAIB remote.temp_caseinsensitive_rename.xctest */ = {isa = PBXFileReference; explicitFileType = wrapper.cfbundle; includeInIndex = 0; path = "TAIB remote.temp_caseinsensitive_rename.xctest"; sourceTree = BUILT_PRODUCTS_DIR; };
		F1EB81C41C004A2600BB39ED /* EWonUITests.m */ = {isa = PBXFileReference; lastKnownFileType = sourcecode.c.objc; path = EWonUITests.m; sourceTree = "<group>"; };
		F1EB81C61C004A2600BB39ED /* Info.plist */ = {isa = PBXFileReference; lastKnownFileType = text.plist.xml; path = Info.plist; sourceTree = "<group>"; };
		F1EB81D21C004C7E00BB39ED /* WebServiceManager.h */ = {isa = PBXFileReference; fileEncoding = 4; lastKnownFileType = sourcecode.c.h; path = WebServiceManager.h; sourceTree = "<group>"; };
		F1EB81D31C004C7E00BB39ED /* WebServiceManager.m */ = {isa = PBXFileReference; fileEncoding = 4; lastKnownFileType = sourcecode.c.objc; path = WebServiceManager.m; sourceTree = "<group>"; };
/* End PBXFileReference section */

/* Begin PBXFrameworksBuildPhase section */
		F1EB81991C004A2500BB39ED /* Frameworks */ = {
			isa = PBXFrameworksBuildPhase;
			buildActionMask = 2147483647;
			files = (
				F1975BFC1C6924D800FA19BD /* MessageUI.framework in Frameworks */,
				099AB677CF0EBBD3BF3D46AF /* libPods-EWon.a in Frameworks */,
			);
			runOnlyForDeploymentPostprocessing = 0;
		};
		F1EB81B21C004A2600BB39ED /* Frameworks */ = {
			isa = PBXFrameworksBuildPhase;
			buildActionMask = 2147483647;
			files = (
			);
			runOnlyForDeploymentPostprocessing = 0;
		};
		F1EB81BD1C004A2600BB39ED /* Frameworks */ = {
			isa = PBXFrameworksBuildPhase;
			buildActionMask = 2147483647;
			files = (
			);
			runOnlyForDeploymentPostprocessing = 0;
		};
/* End PBXFrameworksBuildPhase section */

/* Begin PBXGroup section */
		0AC77FCDEDBF00592E9C5948 /* Frameworks */ = {
			isa = PBXGroup;
			children = (
				F1975BFB1C6924D800FA19BD /* MessageUI.framework */,
				3C26F7D33B1DCDE05671AA99 /* libPods-EWon.a */,
			);
			name = Frameworks;
			sourceTree = "<group>";
		};
		6EFE94B5D8EA880D783F46C2 /* Pods */ = {
			isa = PBXGroup;
			children = (
				240E375750972E2BD06F429C /* Pods-EWon.debug.xcconfig */,
				B4E076F4218BB496E834695B /* Pods-EWon.release.xcconfig */,
			);
			name = Pods;
			sourceTree = "<group>";
		};
		F1EB81931C004A2500BB39ED = {
			isa = PBXGroup;
			children = (
				F1EB819E1C004A2600BB39ED /* EWon */,
				F1EB81B81C004A2600BB39ED /* EWonTests */,
				F1EB81C31C004A2600BB39ED /* EWonUITests */,
				F1EB819D1C004A2600BB39ED /* Products */,
				6EFE94B5D8EA880D783F46C2 /* Pods */,
				0AC77FCDEDBF00592E9C5948 /* Frameworks */,
			);
			sourceTree = "<group>";
		};
		F1EB819D1C004A2600BB39ED /* Products */ = {
			isa = PBXGroup;
			children = (
				F1EB819C1C004A2600BB39ED /* TAIB remote.temp_caseinsensitive_rename.app */,
				F1EB81B51C004A2600BB39ED /* TAIB remote.temp_caseinsensitive_rename.xctest */,
				F1EB81C01C004A2600BB39ED /* TAIB remote.temp_caseinsensitive_rename.xctest */,
			);
			name = Products;
			sourceTree = "<group>";
		};
		F1EB819E1C004A2600BB39ED /* EWon */ = {
			isa = PBXGroup;
			children = (
				F1EB81A21C004A2600BB39ED /* AppDelegate.h */,
				F1EB81A31C004A2600BB39ED /* AppDelegate.m */,
				F1EB81A51C004A2600BB39ED /* ViewController.h */,
				F1EB81A61C004A2600BB39ED /* ViewController.m */,
				F1EB81D21C004C7E00BB39ED /* WebServiceManager.h */,
				F1EB81D31C004C7E00BB39ED /* WebServiceManager.m */,
				F1EB81A81C004A2600BB39ED /* Main.storyboard */,
				F103359B1C0F5F7C0034AB5F /* WebViewViewController.h */,
				F103359C1C0F5F7C0034AB5F /* WebViewViewController.m */,
				F1A952941C0219570009323E /* EwonViewController.h */,
				F1A952951C0219570009323E /* EwonViewController.m */,
				F1A952911C0218DD0009323E /* EwonListViewController.h */,
				F1A952921C0218DD0009323E /* EwonListViewController.m */,
				F1A952971C021CA80009323E /* EwonTableViewCell.h */,
				F1A952981C021CA80009323E /* EwonTableViewCell.m */,
				F1A9528E1C0211100009323E /* AccountInfoViewController.h */,
				F1A9528F1C0211100009323E /* AccountInfoViewController.m */,
				F1BD50601C6913590032B497 /* ContactViewController.h */,
				F1BD50611C6913590032B497 /* ContactViewController.m */,
				F1EB81AB1C004A2600BB39ED /* Assets.xcassets */,
				F1EB81AD1C004A2600BB39ED /* LaunchScreen.storyboard */,
				F1EB81B01C004A2600BB39ED /* Info.plist */,
				F1EB819F1C004A2600BB39ED /* Supporting Files */,
			);
			path = EWon;
			sourceTree = "<group>";
		};
		F1EB819F1C004A2600BB39ED /* Supporting Files */ = {
			isa = PBXGroup;
			children = (
				F1EB81A01C004A2600BB39ED /* main.m */,
			);
			name = "Supporting Files";
			sourceTree = "<group>";
		};
		F1EB81B81C004A2600BB39ED /* EWonTests */ = {
			isa = PBXGroup;
			children = (
				F1EB81B91C004A2600BB39ED /* EWonTests.m */,
				F1EB81BB1C004A2600BB39ED /* Info.plist */,
			);
			path = EWonTests;
			sourceTree = "<group>";
		};
		F1EB81C31C004A2600BB39ED /* EWonUITests */ = {
			isa = PBXGroup;
			children = (
				F1EB81C41C004A2600BB39ED /* EWonUITests.m */,
				F1EB81C61C004A2600BB39ED /* Info.plist */,
			);
			path = EWonUITests;
			sourceTree = "<group>";
		};
/* End PBXGroup section */

/* Begin PBXNativeTarget section */
		F1EB819B1C004A2500BB39ED /* TAIB Remote */ = {
			isa = PBXNativeTarget;
			buildConfigurationList = F1EB81C91C004A2600BB39ED /* Build configuration list for PBXNativeTarget "TAIB Remote" */;
			buildPhases = (
				F6EF0793F92382F45ACBD51B /* Check Pods Manifest.lock */,
				F1EB81981C004A2500BB39ED /* Sources */,
				F1EB81991C004A2500BB39ED /* Frameworks */,
				F1EB819A1C004A2500BB39ED /* Resources */,
				0BE18AC5D55B55BAC355EDD1 /* Embed Pods Frameworks */,
				2E1AA7FC2035C42D6169484B /* Copy Pods Resources */,
				F17BE5141C455F5A00D73F8C /* ShellScript */,
			);
			buildRules = (
			);
			dependencies = (
			);
			name = "TAIB Remote";
			productName = EWon;
			productReference = F1EB819C1C004A2600BB39ED /* TAIB remote.temp_caseinsensitive_rename.app */;
			productType = "com.apple.product-type.application";
		};
		F1EB81B41C004A2600BB39ED /* TAIB RemoteTests */ = {
			isa = PBXNativeTarget;
			buildConfigurationList = F1EB81CC1C004A2600BB39ED /* Build configuration list for PBXNativeTarget "TAIB RemoteTests" */;
			buildPhases = (
				F1EB81B11C004A2600BB39ED /* Sources */,
				F1EB81B21C004A2600BB39ED /* Frameworks */,
				F1EB81B31C004A2600BB39ED /* Resources */,
			);
			buildRules = (
			);
			dependencies = (
				F1EB81B71C004A2600BB39ED /* PBXTargetDependency */,
			);
			name = "TAIB RemoteTests";
			productName = EWonTests;
			productReference = F1EB81B51C004A2600BB39ED /* TAIB remote.temp_caseinsensitive_rename.xctest */;
			productType = "com.apple.product-type.bundle.unit-test";
		};
		F1EB81BF1C004A2600BB39ED /* TAIB RemoteUITests */ = {
			isa = PBXNativeTarget;
			buildConfigurationList = F1EB81CF1C004A2600BB39ED /* Build configuration list for PBXNativeTarget "TAIB RemoteUITests" */;
			buildPhases = (
				F1EB81BC1C004A2600BB39ED /* Sources */,
				F1EB81BD1C004A2600BB39ED /* Frameworks */,
				F1EB81BE1C004A2600BB39ED /* Resources */,
			);
			buildRules = (
			);
			dependencies = (
				F1EB81C21C004A2600BB39ED /* PBXTargetDependency */,
			);
			name = "TAIB RemoteUITests";
			productName = EWonUITests;
			productReference = F1EB81C01C004A2600BB39ED /* TAIB remote.temp_caseinsensitive_rename.xctest */;
			productType = "com.apple.product-type.bundle.ui-testing";
		};
/* End PBXNativeTarget section */

/* Begin PBXProject section */
		F1EB81941C004A2500BB39ED /* Project object */ = {
			isa = PBXProject;
			attributes = {
				LastUpgradeCheck = 0710;
				ORGANIZATIONNAME = "Seby Feier";
				TargetAttributes = {
					F1EB819B1C004A2500BB39ED = {
						CreatedOnToolsVersion = 7.1.1;
					};
					F1EB81B41C004A2600BB39ED = {
						CreatedOnToolsVersion = 7.1.1;
						TestTargetID = F1EB819B1C004A2500BB39ED;
					};
					F1EB81BF1C004A2600BB39ED = {
						CreatedOnToolsVersion = 7.1.1;
						TestTargetID = F1EB819B1C004A2500BB39ED;
					};
				};
			};
			buildConfigurationList = F1EB81971C004A2500BB39ED /* Build configuration list for PBXProject "TAIB remote" */;
			compatibilityVersion = "Xcode 3.2";
			developmentRegion = English;
			hasScannedForEncodings = 0;
			knownRegions = (
				en,
				Base,
			);
			mainGroup = F1EB81931C004A2500BB39ED;
			productRefGroup = F1EB819D1C004A2600BB39ED /* Products */;
			projectDirPath = "";
			projectRoot = "";
			targets = (
				F1EB819B1C004A2500BB39ED /* TAIB Remote */,
				F1EB81B41C004A2600BB39ED /* TAIB RemoteTests */,
				F1EB81BF1C004A2600BB39ED /* TAIB RemoteUITests */,
			);
		};
/* End PBXProject section */

/* Begin PBXResourcesBuildPhase section */
		F1EB819A1C004A2500BB39ED /* Resources */ = {
			isa = PBXResourcesBuildPhase;
			buildActionMask = 2147483647;
			files = (
				F1EB81AF1C004A2600BB39ED /* LaunchScreen.storyboard in Resources */,
				F1EB81AC1C004A2600BB39ED /* Assets.xcassets in Resources */,
				F1EB81AA1C004A2600BB39ED /* Main.storyboard in Resources */,
			);
			runOnlyForDeploymentPostprocessing = 0;
		};
		F1EB81B31C004A2600BB39ED /* Resources */ = {
			isa = PBXResourcesBuildPhase;
			buildActionMask = 2147483647;
			files = (
			);
			runOnlyForDeploymentPostprocessing = 0;
		};
		F1EB81BE1C004A2600BB39ED /* Resources */ = {
			isa = PBXResourcesBuildPhase;
			buildActionMask = 2147483647;
			files = (
			);
			runOnlyForDeploymentPostprocessing = 0;
		};
/* End PBXResourcesBuildPhase section */

/* Begin PBXShellScriptBuildPhase section */
		0BE18AC5D55B55BAC355EDD1 /* Embed Pods Frameworks */ = {
			isa = PBXShellScriptBuildPhase;
			buildActionMask = 2147483647;
			files = (
			);
			inputPaths = (
			);
			name = "Embed Pods Frameworks";
			outputPaths = (
			);
			runOnlyForDeploymentPostprocessing = 0;
			shellPath = /bin/sh;
			shellScript = "\"${SRCROOT}/Pods/Target Support Files/Pods-EWon/Pods-EWon-frameworks.sh\"\n";
			showEnvVarsInLog = 0;
		};
		2E1AA7FC2035C42D6169484B /* Copy Pods Resources */ = {
			isa = PBXShellScriptBuildPhase;
			buildActionMask = 2147483647;
			files = (
			);
			inputPaths = (
			);
			name = "Copy Pods Resources";
			outputPaths = (
			);
			runOnlyForDeploymentPostprocessing = 0;
			shellPath = /bin/sh;
			shellScript = "\"${SRCROOT}/Pods/Target Support Files/Pods-EWon/Pods-EWon-resources.sh\"\n";
			showEnvVarsInLog = 0;
		};
		F17BE5141C455F5A00D73F8C /* ShellScript */ = {
			isa = PBXShellScriptBuildPhase;
			buildActionMask = 2147483647;
			files = (
			);
			inputPaths = (
			);
			outputPaths = (
			);
			runOnlyForDeploymentPostprocessing = 0;
			shellPath = /bin/sh;
			shellScript = "\"${PODS_ROOT}/Fabric/run\" 4029d4c2038527a17ae8de6dfa484c88ec21a9b5 dd24c883176013ddf2b5c78b116511bde4a72da3ac35f547749d48a78e472c68";
		};
		F6EF0793F92382F45ACBD51B /* Check Pods Manifest.lock */ = {
			isa = PBXShellScriptBuildPhase;
			buildActionMask = 2147483647;
			files = (
			);
			inputPaths = (
			);
			name = "Check Pods Manifest.lock";
			outputPaths = (
			);
			runOnlyForDeploymentPostprocessing = 0;
			shellPath = /bin/sh;
			shellScript = "diff \"${PODS_ROOT}/../Podfile.lock\" \"${PODS_ROOT}/Manifest.lock\" > /dev/null\nif [[ $? != 0 ]] ; then\n    cat << EOM\nerror: The sandbox is not in sync with the Podfile.lock. Run 'pod install' or update your CocoaPods installation.\nEOM\n    exit 1\nfi\n";
			showEnvVarsInLog = 0;
		};
/* End PBXShellScriptBuildPhase section */

/* Begin PBXSourcesBuildPhase section */
		F1EB81981C004A2500BB39ED /* Sources */ = {
			isa = PBXSourcesBuildPhase;
			buildActionMask = 2147483647;
			files = (
				F1EB81D41C004C7E00BB39ED /* WebServiceManager.m in Sources */,
				F1EB81A71C004A2600BB39ED /* ViewController.m in Sources */,
				F1A952991C021CA80009323E /* EwonTableViewCell.m in Sources */,
				F1A952901C0211100009323E /* AccountInfoViewController.m in Sources */,
				F1EB81A41C004A2600BB39ED /* AppDelegate.m in Sources */,
				F1BD50621C6913590032B497 /* ContactViewController.m in Sources */,
				F1EB81A11C004A2600BB39ED /* main.m in Sources */,
				F103359D1C0F5F7C0034AB5F /* WebViewViewController.m in Sources */,
				F1A952931C0218DD0009323E /* EwonListViewController.m in Sources */,
				F1A952961C0219570009323E /* EwonViewController.m in Sources */,
			);
			runOnlyForDeploymentPostprocessing = 0;
		};
		F1EB81B11C004A2600BB39ED /* Sources */ = {
			isa = PBXSourcesBuildPhase;
			buildActionMask = 2147483647;
			files = (
				F1EB81BA1C004A2600BB39ED /* EWonTests.m in Sources */,
			);
			runOnlyForDeploymentPostprocessing = 0;
		};
		F1EB81BC1C004A2600BB39ED /* Sources */ = {
			isa = PBXSourcesBuildPhase;
			buildActionMask = 2147483647;
			files = (
				F1EB81C51C004A2600BB39ED /* EWonUITests.m in Sources */,
			);
			runOnlyForDeploymentPostprocessing = 0;
		};
/* End PBXSourcesBuildPhase section */

/* Begin PBXTargetDependency section */
		F1EB81B71C004A2600BB39ED /* PBXTargetDependency */ = {
			isa = PBXTargetDependency;
			target = F1EB819B1C004A2500BB39ED /* TAIB Remote */;
			targetProxy = F1EB81B61C004A2600BB39ED /* PBXContainerItemProxy */;
		};
		F1EB81C21C004A2600BB39ED /* PBXTargetDependency */ = {
			isa = PBXTargetDependency;
			target = F1EB819B1C004A2500BB39ED /* TAIB Remote */;
			targetProxy = F1EB81C11C004A2600BB39ED /* PBXContainerItemProxy */;
		};
/* End PBXTargetDependency section */

/* Begin PBXVariantGroup section */
		F1EB81A81C004A2600BB39ED /* Main.storyboard */ = {
			isa = PBXVariantGroup;
			children = (
				F1EB81A91C004A2600BB39ED /* Base */,
			);
			name = Main.storyboard;
			sourceTree = "<group>";
		};
		F1EB81AD1C004A2600BB39ED /* LaunchScreen.storyboard */ = {
			isa = PBXVariantGroup;
			children = (
				F1EB81AE1C004A2600BB39ED /* Base */,
			);
			name = LaunchScreen.storyboard;
			sourceTree = "<group>";
		};
/* End PBXVariantGroup section */

/* Begin XCBuildConfiguration section */
		F1EB81C71C004A2600BB39ED /* Debug */ = {
			isa = XCBuildConfiguration;
			buildSettings = {
				ALWAYS_SEARCH_USER_PATHS = NO;
				CLANG_CXX_LANGUAGE_STANDARD = "gnu++0x";
				CLANG_CXX_LIBRARY = "libc++";
				CLANG_ENABLE_MODULES = YES;
				CLANG_ENABLE_OBJC_ARC = YES;
				CLANG_WARN_BOOL_CONVERSION = YES;
				CLANG_WARN_CONSTANT_CONVERSION = YES;
				CLANG_WARN_DIRECT_OBJC_ISA_USAGE = YES_ERROR;
				CLANG_WARN_EMPTY_BODY = YES;
				CLANG_WARN_ENUM_CONVERSION = YES;
				CLANG_WARN_INT_CONVERSION = YES;
				CLANG_WARN_OBJC_ROOT_CLASS = YES_ERROR;
				CLANG_WARN_UNREACHABLE_CODE = YES;
				CLANG_WARN__DUPLICATE_METHOD_MATCH = YES;
				CODE_SIGN_IDENTITY = "iPhone Distribution: Pop Alexandru (SJH333H8EX)";
				"CODE_SIGN_IDENTITY[sdk=iphoneos*]" = "iPhone Distribution: Pop Alexandru (SJH333H8EX)";
				COPY_PHASE_STRIP = NO;
				DEBUG_INFORMATION_FORMAT = dwarf;
				ENABLE_STRICT_OBJC_MSGSEND = YES;
				ENABLE_TESTABILITY = YES;
				GCC_C_LANGUAGE_STANDARD = gnu99;
				GCC_DYNAMIC_NO_PIC = NO;
				GCC_NO_COMMON_BLOCKS = YES;
				GCC_OPTIMIZATION_LEVEL = 0;
				GCC_PREPROCESSOR_DEFINITIONS = (
					"DEBUG=1",
					"$(inherited)",
				);
				GCC_WARN_64_TO_32_BIT_CONVERSION = YES;
				GCC_WARN_ABOUT_RETURN_TYPE = YES_ERROR;
				GCC_WARN_UNDECLARED_SELECTOR = YES;
				GCC_WARN_UNINITIALIZED_AUTOS = YES_AGGRESSIVE;
				GCC_WARN_UNUSED_FUNCTION = YES;
				GCC_WARN_UNUSED_VARIABLE = YES;
				IPHONEOS_DEPLOYMENT_TARGET = 9.1;
				MTL_ENABLE_DEBUG_INFO = YES;
				ONLY_ACTIVE_ARCH = YES;
				PROVISIONING_PROFILE = "d99e9540-1528-436a-843f-604334ea4d1b";
				SDKROOT = iphoneos;
				TARGETED_DEVICE_FAMILY = "1,2";
			};
			name = Debug;
		};
		F1EB81C81C004A2600BB39ED /* Release */ = {
			isa = XCBuildConfiguration;
			buildSettings = {
				ALWAYS_SEARCH_USER_PATHS = NO;
				CLANG_CXX_LANGUAGE_STANDARD = "gnu++0x";
				CLANG_CXX_LIBRARY = "libc++";
				CLANG_ENABLE_MODULES = YES;
				CLANG_ENABLE_OBJC_ARC = YES;
				CLANG_WARN_BOOL_CONVERSION = YES;
				CLANG_WARN_CONSTANT_CONVERSION = YES;
				CLANG_WARN_DIRECT_OBJC_ISA_USAGE = YES_ERROR;
				CLANG_WARN_EMPTY_BODY = YES;
				CLANG_WARN_ENUM_CONVERSION = YES;
				CLANG_WARN_INT_CONVERSION = YES;
				CLANG_WARN_OBJC_ROOT_CLASS = YES_ERROR;
				CLANG_WARN_UNREACHABLE_CODE = YES;
				CLANG_WARN__DUPLICATE_METHOD_MATCH = YES;
				CODE_SIGN_IDENTITY = "iPhone Distribution: Pop Alexandru (SJH333H8EX)";
				"CODE_SIGN_IDENTITY[sdk=iphoneos*]" = "iPhone Distribution: Pop Alexandru (SJH333H8EX)";
				COPY_PHASE_STRIP = NO;
				DEBUG_INFORMATION_FORMAT = "dwarf-with-dsym";
				ENABLE_NS_ASSERTIONS = NO;
				ENABLE_STRICT_OBJC_MSGSEND = YES;
				GCC_C_LANGUAGE_STANDARD = gnu99;
				GCC_NO_COMMON_BLOCKS = YES;
				GCC_WARN_64_TO_32_BIT_CONVERSION = YES;
				GCC_WARN_ABOUT_RETURN_TYPE = YES_ERROR;
				GCC_WARN_UNDECLARED_SELECTOR = YES;
				GCC_WARN_UNINITIALIZED_AUTOS = YES_AGGRESSIVE;
				GCC_WARN_UNUSED_FUNCTION = YES;
				GCC_WARN_UNUSED_VARIABLE = YES;
				IPHONEOS_DEPLOYMENT_TARGET = 9.1;
				MTL_ENABLE_DEBUG_INFO = NO;
				PROVISIONING_PROFILE = "d99e9540-1528-436a-843f-604334ea4d1b";
				SDKROOT = iphoneos;
				TARGETED_DEVICE_FAMILY = "1,2";
				VALIDATE_PRODUCT = YES;
			};
			name = Release;
		};
		F1EB81CA1C004A2600BB39ED /* Debug */ = {
			isa = XCBuildConfiguration;
			baseConfigurationReference = 240E375750972E2BD06F429C /* Pods-EWon.debug.xcconfig */;
			buildSettings = {
				ASSETCATALOG_COMPILER_APPICON_NAME = AppIcon;
				CODE_SIGN_IDENTITY = "iPhone Developer: Pop Alexandru (777M6JB42M)";
				INFOPLIST_FILE = EWon/Info.plist;
				IPHONEOS_DEPLOYMENT_TARGET = 7.1;
				LD_RUNPATH_SEARCH_PATHS = "$(inherited) @executable_path/Frameworks";
				PRODUCT_BUNDLE_IDENTIFIER = com.talk2m.ewon;
				PRODUCT_NAME = "TAIB remote.temp_caseinsensitive_rename";
				PROVISIONING_PROFILE = "e30f0306-2784-47f8-8ce9-561d0ddf7180";
			};
			name = Debug;
		};
		F1EB81CB1C004A2600BB39ED /* Release */ = {
			isa = XCBuildConfiguration;
			baseConfigurationReference = B4E076F4218BB496E834695B /* Pods-EWon.release.xcconfig */;
			buildSettings = {
				ASSETCATALOG_COMPILER_APPICON_NAME = AppIcon;
				CODE_SIGN_IDENTITY = "iPhone Developer: Pop Alexandru (777M6JB42M)";
				INFOPLIST_FILE = EWon/Info.plist;
				IPHONEOS_DEPLOYMENT_TARGET = 7.1;
				LD_RUNPATH_SEARCH_PATHS = "$(inherited) @executable_path/Frameworks";
				PRODUCT_BUNDLE_IDENTIFIER = com.talk2m.ewon;
				PRODUCT_NAME = "TAIB remote.temp_caseinsensitive_rename";
				PROVISIONING_PROFILE = "e30f0306-2784-47f8-8ce9-561d0ddf7180";
			};
			name = Release;
		};
		F1EB81CD1C004A2600BB39ED /* Debug */ = {
			isa = XCBuildConfiguration;
			buildSettings = {
				BUNDLE_LOADER = "$(TEST_HOST)";
				INFOPLIST_FILE = EWonTests/Info.plist;
				LD_RUNPATH_SEARCH_PATHS = "$(inherited) @executable_path/Frameworks @loader_path/Frameworks";
				PRODUCT_BUNDLE_IDENTIFIER = Work.EWonTests;
				PRODUCT_NAME = "TAIB remote.temp_caseinsensitive_rename";
				TEST_HOST = "$(BUILT_PRODUCTS_DIR)/TAIB remote.temp_caseinsensitive_rename.app/TAIB remote.temp_caseinsensitive_rename";
			};
			name = Debug;
		};
		F1EB81CE1C004A2600BB39ED /* Release */ = {
			isa = XCBuildConfiguration;
			buildSettings = {
				BUNDLE_LOADER = "$(TEST_HOST)";
				INFOPLIST_FILE = EWonTests/Info.plist;
				LD_RUNPATH_SEARCH_PATHS = "$(inherited) @executable_path/Frameworks @loader_path/Frameworks";
				PRODUCT_BUNDLE_IDENTIFIER = Work.EWonTests;
				PRODUCT_NAME = "TAIB remote.temp_caseinsensitive_rename";
				TEST_HOST = "$(BUILT_PRODUCTS_DIR)/TAIB remote.temp_caseinsensitive_rename.app/TAIB remote.temp_caseinsensitive_rename";
			};
			name = Release;
		};
		F1EB81D01C004A2600BB39ED /* Debug */ = {
			isa = XCBuildConfiguration;
			buildSettings = {
				INFOPLIST_FILE = EWonUITests/Info.plist;
				LD_RUNPATH_SEARCH_PATHS = "$(inherited) @executable_path/Frameworks @loader_path/Frameworks";
				PRODUCT_BUNDLE_IDENTIFIER = Work.EWonUITests;
				PRODUCT_NAME = "TAIB remote.temp_caseinsensitive_rename";
				TEST_TARGET_NAME = EWon;
				USES_XCTRUNNER = YES;
			};
			name = Debug;
		};
		F1EB81D11C004A2600BB39ED /* Release */ = {
			isa = XCBuildConfiguration;
			buildSettings = {
				INFOPLIST_FILE = EWonUITests/Info.plist;
				LD_RUNPATH_SEARCH_PATHS = "$(inherited) @executable_path/Frameworks @loader_path/Frameworks";
				PRODUCT_BUNDLE_IDENTIFIER = Work.EWonUITests;
				PRODUCT_NAME = "TAIB remote.temp_caseinsensitive_rename";
				TEST_TARGET_NAME = EWon;
				USES_XCTRUNNER = YES;
			};
			name = Release;
		};
/* End XCBuildConfiguration section */

/* Begin XCConfigurationList section */
		F1EB81971C004A2500BB39ED /* Build configuration list for PBXProject "TAIB remote" */ = {
			isa = XCConfigurationList;
			buildConfigurations = (
				F1EB81C71C004A2600BB39ED /* Debug */,
				F1EB81C81C004A2600BB39ED /* Release */,
			);
			defaultConfigurationIsVisible = 0;
			defaultConfigurationName = Release;
		};
		F1EB81C91C004A2600BB39ED /* Build configuration list for PBXNativeTarget "TAIB Remote" */ = {
			isa = XCConfigurationList;
			buildConfigurations = (
				F1EB81CA1C004A2600BB39ED /* Debug */,
				F1EB81CB1C004A2600BB39ED /* Release */,
			);
			defaultConfigurationIsVisible = 0;
			defaultConfigurationName = Release;
		};
		F1EB81CC1C004A2600BB39ED /* Build configuration list for PBXNativeTarget "TAIB RemoteTests" */ = {
			isa = XCConfigurationList;
			buildConfigurations = (
				F1EB81CD1C004A2600BB39ED /* Debug */,
				F1EB81CE1C004A2600BB39ED /* Release */,
			);
			defaultConfigurationIsVisible = 0;
			defaultConfigurationName = Release;
		};
		F1EB81CF1C004A2600BB39ED /* Build configuration list for PBXNativeTarget "TAIB RemoteUITests" */ = {
			isa = XCConfigurationList;
			buildConfigurations = (
				F1EB81D01C004A2600BB39ED /* Debug */,
				F1EB81D11C004A2600BB39ED /* Release */,
			);
			defaultConfigurationIsVisible = 0;
			defaultConfigurationName = Release;
		};
/* End XCConfigurationList section */
	};
	rootObject = F1EB81941C004A2500BB39ED /* Project object */;
}
